
Microsoft Visual Studio Solution File, Format Version 12.00
# Visual Studio Version 16
VisualStudioVersion = 16.0.29020.237
MinimumVisualStudioVersion = 10.0.40219.1
Project("{8BC9CEB8-8B4A-11D0-8D11-00A0C91BC942}") = "AnimationOpenGL", "AnimationOpenGL.vcxproj", "{6D1931D7-6F22-46B3-868D-A8B3A9D317B1}"
EndProject
Project("{8BC9CEB8-8B4A-11D0-8D11-00A0C91BC942}") = "AnimationOpenGLTests", "..\AnimationOpenGLTests\AnimationOpenGLTests.vcxproj", "{20ACB28C-99E7-48C3-985B-90E986BC2BED}"
EndProject
Global
	GlobalSection(SolutionConfigurationPlatforms) = preSolution
		Debug|x64 = Debug|x64
		Debug|x86 = Debug|x86
		Release|x64 = Release|x64
		Release|x86 = Release|x86
	EndGlobalSection
	GlobalSection(ProjectConfigurationPlatforms) = postSolution
		{6D1931D7-6F22-46B3-868D-A8B3A9D317B1}.Debug|x64.ActiveCfg = Debug|x64
		{6D1931D7-6F22-46B3-868D-A8B3A9D317B1}.Debug|x64.Build.0 = Debug|x64
		{6D1931D7-6F22-46B3-868D-A8B3A9D317B1}.Debug|x86.ActiveCfg = Debug|Win32
		{6D1931D7-6F22-46B3-868D-A8B3A9D317B1}.Debug|x86.Build.0 = Debug|Win32
		{6D1931D7-6F22-46B3-868D-A8B3A9D317B1}.Release|x64.ActiveCfg = Release|x64
		{6D1931D7-6F22-46B3-868D-A8B3A9D317B1}.Release|x64.Build.0 = Release|x64
		{6D1931D7-6F22-46B3-868D-A8B3A9D317B1}.Release|x86.ActiveCfg = Release|Win32
		{6D1931D7-6F22-46B3-868D-A8B3A9D317B1}.Release|x86.Build.0 = Release|Win32
		{20ACB28C-99E7-48C3-985B-90E986BC2BED}.Debug|x64.ActiveCfg = Debug|x64
		{20ACB28C-99E7-48C3-985B-90E986BC2BED}.Debug|x64.Build.0 = Debug|x64
		{20ACB28C-99E7-48C3-985B-90E986BC2BED}.Debug|x86.ActiveCfg = Debug|Win32
		{20ACB28C-99E7-48C3-985B-90E986BC2BED}.Debug|x86.Build.0 = Debug|Win32
		{20ACB28C-99E7-48C3-985B-90E986BC2BED}.Release|x64.ActiveCfg = Release|x64
		{20ACB28C-99E7-48C3-985B-90E986BC2BED}.Release|x64.Build.0 = Release|x64
		{20ACB28C-99E7-48C3-985B-90E986BC2BED}.Release|x86.ActiveCfg = Release|Win32
		{20ACB28C-99E7-48C3-985B-90E986BC2BED}.Release|x86.Build.0 = Release|Win32
	EndGlobalSection
	GlobalSection(SolutionProperties) = preSolution
		HideSolutionNode = FALSE
	EndGlobalSection
	GlobalSection(ExtensibilityGlobals) = postSolution
		SolutionGuid = {5820E7B4-EB48-49D0-AFB2-2C6AEED81965}
	EndGlobalSection
EndGlobal
